// !$*UTF8*$!
{
	archiveVersion = 1;
	classes = {
	};
	objectVersion = 51;
	objects = {

/* Begin PBXBuildFile section */
		3963789E255B629800F12809 /* IngredientRealm.swift in Sources */ = {isa = PBXBuildFile; fileRef = 3963789D255B629800F12809 /* IngredientRealm.swift */; };
		3974BB2824CCFADC0045D4D9 /* AppDelegate.swift in Sources */ = {isa = PBXBuildFile; fileRef = 3974BB2724CCFADC0045D4D9 /* AppDelegate.swift */; };
		3974BB2A24CCFADC0045D4D9 /* MasterViewController.swift in Sources */ = {isa = PBXBuildFile; fileRef = 3974BB2924CCFADC0045D4D9 /* MasterViewController.swift */; };
		3974BB2C24CCFADC0045D4D9 /* DetailViewController.swift in Sources */ = {isa = PBXBuildFile; fileRef = 3974BB2B24CCFADC0045D4D9 /* DetailViewController.swift */; };
		3974BB2F24CCFADC0045D4D9 /* Main.storyboard in Resources */ = {isa = PBXBuildFile; fileRef = 3974BB2D24CCFADC0045D4D9 /* Main.storyboard */; };
		3974BB3124CCFADE0045D4D9 /* Assets.xcassets in Resources */ = {isa = PBXBuildFile; fileRef = 3974BB3024CCFADE0045D4D9 /* Assets.xcassets */; };
		3974BB3424CCFADE0045D4D9 /* LaunchScreen.storyboard in Resources */ = {isa = PBXBuildFile; fileRef = 3974BB3224CCFADE0045D4D9 /* LaunchScreen.storyboard */; };
		3974BB3F24CCFADF0045D4D9 /* whattocookTests.swift in Sources */ = {isa = PBXBuildFile; fileRef = 3974BB3E24CCFADF0045D4D9 /* whattocookTests.swift */; };
		3974BB4A24CCFADF0045D4D9 /* whattocookUITests.swift in Sources */ = {isa = PBXBuildFile; fileRef = 3974BB4924CCFADF0045D4D9 /* whattocookUITests.swift */; };
		398ECF002552444B00232B50 /* IngredientsData.swift in Sources */ = {isa = PBXBuildFile; fileRef = 398ECEFF2552444B00232B50 /* IngredientsData.swift */; };
		39D75A3A255B6EC500B51223 /* Pods_whattocook.framework in Frameworks */ = {isa = PBXBuildFile; fileRef = 39D75A39255B6EC500B51223 /* Pods_whattocook.framework */; };
		39D75A80255B70AD00B51223 /* IngredientJsonDecoder.swift in Sources */ = {isa = PBXBuildFile; fileRef = 39D75A7F255B70AD00B51223 /* IngredientJsonDecoder.swift */; };
/* End PBXBuildFile section */

/* Begin PBXContainerItemProxy section */
		3974BB3B24CCFADF0045D4D9 /* PBXContainerItemProxy */ = {
			isa = PBXContainerItemProxy;
			containerPortal = 3974BB1C24CCFADC0045D4D9 /* Project object */;
			proxyType = 1;
			remoteGlobalIDString = 3974BB2324CCFADC0045D4D9;
			remoteInfo = whattocook;
		};
		3974BB4624CCFADF0045D4D9 /* PBXContainerItemProxy */ = {
			isa = PBXContainerItemProxy;
			containerPortal = 3974BB1C24CCFADC0045D4D9 /* Project object */;
			proxyType = 1;
			remoteGlobalIDString = 3974BB2324CCFADC0045D4D9;
			remoteInfo = whattocook;
		};
/* End PBXContainerItemProxy section */

/* Begin PBXFileReference section */
		1370FF51B6AB19377217D1BF /* Pods-whattocook.debug.xcconfig */ = {isa = PBXFileReference; includeInIndex = 1; lastKnownFileType = text.xcconfig; name = "Pods-whattocook.debug.xcconfig"; path = "Target Support Files/Pods-whattocook/Pods-whattocook.debug.xcconfig"; sourceTree = "<group>"; };
		3963789D255B629800F12809 /* IngredientRealm.swift */ = {isa = PBXFileReference; lastKnownFileType = sourcecode.swift; path = IngredientRealm.swift; sourceTree = "<group>"; };
		396378B3255B63AD00F12809 /* Realm.framework */ = {isa = PBXFileReference; explicitFileType = wrapper.framework; path = Realm.framework; sourceTree = BUILT_PRODUCTS_DIR; };
		396378B5255B63C200F12809 /* RealmSwift.framework */ = {isa = PBXFileReference; explicitFileType = wrapper.framework; path = RealmSwift.framework; sourceTree = BUILT_PRODUCTS_DIR; };
		3974BB2424CCFADC0045D4D9 /* whattocook.app */ = {isa = PBXFileReference; explicitFileType = wrapper.application; includeInIndex = 0; path = whattocook.app; sourceTree = BUILT_PRODUCTS_DIR; };
		3974BB2724CCFADC0045D4D9 /* AppDelegate.swift */ = {isa = PBXFileReference; lastKnownFileType = sourcecode.swift; path = AppDelegate.swift; sourceTree = "<group>"; };
		3974BB2924CCFADC0045D4D9 /* MasterViewController.swift */ = {isa = PBXFileReference; lastKnownFileType = sourcecode.swift; path = MasterViewController.swift; sourceTree = "<group>"; };
		3974BB2B24CCFADC0045D4D9 /* DetailViewController.swift */ = {isa = PBXFileReference; lastKnownFileType = sourcecode.swift; path = DetailViewController.swift; sourceTree = "<group>"; };
		3974BB2E24CCFADC0045D4D9 /* Base */ = {isa = PBXFileReference; lastKnownFileType = file.storyboard; name = Base; path = Base.lproj/Main.storyboard; sourceTree = "<group>"; };
		3974BB3024CCFADE0045D4D9 /* Assets.xcassets */ = {isa = PBXFileReference; lastKnownFileType = folder.assetcatalog; path = Assets.xcassets; sourceTree = "<group>"; };
		3974BB3324CCFADE0045D4D9 /* Base */ = {isa = PBXFileReference; lastKnownFileType = file.storyboard; name = Base; path = Base.lproj/LaunchScreen.storyboard; sourceTree = "<group>"; };
		3974BB3524CCFADE0045D4D9 /* Info.plist */ = {isa = PBXFileReference; lastKnownFileType = text.plist.xml; path = Info.plist; sourceTree = "<group>"; };
		3974BB3A24CCFADF0045D4D9 /* whattocookTests.xctest */ = {isa = PBXFileReference; explicitFileType = wrapper.cfbundle; includeInIndex = 0; path = whattocookTests.xctest; sourceTree = BUILT_PRODUCTS_DIR; };
		3974BB3E24CCFADF0045D4D9 /* whattocookTests.swift */ = {isa = PBXFileReference; lastKnownFileType = sourcecode.swift; path = whattocookTests.swift; sourceTree = "<group>"; };
		3974BB4024CCFADF0045D4D9 /* Info.plist */ = {isa = PBXFileReference; lastKnownFileType = text.plist.xml; path = Info.plist; sourceTree = "<group>"; };
		3974BB4524CCFADF0045D4D9 /* whattocookUITests.xctest */ = {isa = PBXFileReference; explicitFileType = wrapper.cfbundle; includeInIndex = 0; path = whattocookUITests.xctest; sourceTree = BUILT_PRODUCTS_DIR; };
		3974BB4924CCFADF0045D4D9 /* whattocookUITests.swift */ = {isa = PBXFileReference; lastKnownFileType = sourcecode.swift; path = whattocookUITests.swift; sourceTree = "<group>"; };
		3974BB4B24CCFADF0045D4D9 /* Info.plist */ = {isa = PBXFileReference; lastKnownFileType = text.plist.xml; path = Info.plist; sourceTree = "<group>"; };
		398ECEFF2552444B00232B50 /* IngredientsData.swift */ = {isa = PBXFileReference; fileEncoding = 4; lastKnownFileType = sourcecode.swift; path = IngredientsData.swift; sourceTree = "<group>"; };
		39D759DD255B651900B51223 /* Realm.framework */ = {isa = PBXFileReference; explicitFileType = wrapper.framework; path = Realm.framework; sourceTree = BUILT_PRODUCTS_DIR; };
		39D75A37255B6EB900B51223 /* Pods_whattocook.framework */ = {isa = PBXFileReference; explicitFileType = wrapper.framework; path = Pods_whattocook.framework; sourceTree = BUILT_PRODUCTS_DIR; };
		39D75A39255B6EC500B51223 /* Pods_whattocook.framework */ = {isa = PBXFileReference; explicitFileType = wrapper.framework; path = Pods_whattocook.framework; sourceTree = BUILT_PRODUCTS_DIR; };
		39D75A7F255B70AD00B51223 /* IngredientJsonDecoder.swift */ = {isa = PBXFileReference; lastKnownFileType = sourcecode.swift; path = IngredientJsonDecoder.swift; sourceTree = "<group>"; };
		655A707F4D5B58BBCF69D8EE /* Pods-whattocook.release.xcconfig */ = {isa = PBXFileReference; includeInIndex = 1; lastKnownFileType = text.xcconfig; name = "Pods-whattocook.release.xcconfig"; path = "Target Support Files/Pods-whattocook/Pods-whattocook.release.xcconfig"; sourceTree = "<group>"; };
		CB6FC2DD8BD7376E661A8900 /* Pods_whattocook.framework */ = {isa = PBXFileReference; explicitFileType = wrapper.framework; includeInIndex = 0; path = Pods_whattocook.framework; sourceTree = BUILT_PRODUCTS_DIR; };
/* End PBXFileReference section */

/* Begin PBXFrameworksBuildPhase section */
		3974BB2124CCFADC0045D4D9 /* Frameworks */ = {
			isa = PBXFrameworksBuildPhase;
			buildActionMask = 2147483647;
			files = (
				39D75A3A255B6EC500B51223 /* Pods_whattocook.framework in Frameworks */,
			);
			runOnlyForDeploymentPostprocessing = 0;
		};
		3974BB3724CCFADF0045D4D9 /* Frameworks */ = {
			isa = PBXFrameworksBuildPhase;
			buildActionMask = 2147483647;
			files = (
			);
			runOnlyForDeploymentPostprocessing = 0;
		};
		3974BB4224CCFADF0045D4D9 /* Frameworks */ = {
			isa = PBXFrameworksBuildPhase;
			buildActionMask = 2147483647;
			files = (
			);
			runOnlyForDeploymentPostprocessing = 0;
		};
/* End PBXFrameworksBuildPhase section */

/* Begin PBXGroup section */
		3974BB1B24CCFADC0045D4D9 = {
			isa = PBXGroup;
			children = (
				3974BB2624CCFADC0045D4D9 /* whattocook */,
				3974BB3D24CCFADF0045D4D9 /* whattocookTests */,
				3974BB4824CCFADF0045D4D9 /* whattocookUITests */,
				3974BB2524CCFADC0045D4D9 /* Products */,
				BB0EF65BA324930387C7469A /* Pods */,
				EEAD508D08B9EB8BDC7B9542 /* Frameworks */,
			);
			sourceTree = "<group>";
		};
		3974BB2524CCFADC0045D4D9 /* Products */ = {
			isa = PBXGroup;
			children = (
				3974BB2424CCFADC0045D4D9 /* whattocook.app */,
				3974BB3A24CCFADF0045D4D9 /* whattocookTests.xctest */,
				3974BB4524CCFADF0045D4D9 /* whattocookUITests.xctest */,
			);
			name = Products;
			sourceTree = "<group>";
		};
		3974BB2624CCFADC0045D4D9 /* whattocook */ = {
			isa = PBXGroup;
			children = (
				398ECEFD2552444B00232B50 /* Database */,
				3974BB2724CCFADC0045D4D9 /* AppDelegate.swift */,
				3974BB2924CCFADC0045D4D9 /* MasterViewController.swift */,
				3974BB2B24CCFADC0045D4D9 /* DetailViewController.swift */,
				3974BB2D24CCFADC0045D4D9 /* Main.storyboard */,
				3974BB3024CCFADE0045D4D9 /* Assets.xcassets */,
				3974BB3224CCFADE0045D4D9 /* LaunchScreen.storyboard */,
				3974BB3524CCFADE0045D4D9 /* Info.plist */,
			);
			path = whattocook;
			sourceTree = "<group>";
		};
		3974BB3D24CCFADF0045D4D9 /* whattocookTests */ = {
			isa = PBXGroup;
			children = (
				3974BB3E24CCFADF0045D4D9 /* whattocookTests.swift */,
				3974BB4024CCFADF0045D4D9 /* Info.plist */,
			);
			path = whattocookTests;
			sourceTree = "<group>";
		};
		3974BB4824CCFADF0045D4D9 /* whattocookUITests */ = {
			isa = PBXGroup;
			children = (
				3974BB4924CCFADF0045D4D9 /* whattocookUITests.swift */,
				3974BB4B24CCFADF0045D4D9 /* Info.plist */,
			);
			path = whattocookUITests;
			sourceTree = "<group>";
		};
		398ECEFD2552444B00232B50 /* Database */ = {
			isa = PBXGroup;
			children = (
				398ECEFE2552444B00232B50 /* Ingredient */,
			);
			path = Database;
			sourceTree = "<group>";
		};
		398ECEFE2552444B00232B50 /* Ingredient */ = {
			isa = PBXGroup;
			children = (
				398ECEFF2552444B00232B50 /* IngredientsData.swift */,
				3963789D255B629800F12809 /* IngredientRealm.swift */,
				39D75A7F255B70AD00B51223 /* IngredientJsonDecoder.swift */,
			);
			path = Ingredient;
			sourceTree = "<group>";
		};
		BB0EF65BA324930387C7469A /* Pods */ = {
			isa = PBXGroup;
			children = (
				1370FF51B6AB19377217D1BF /* Pods-whattocook.debug.xcconfig */,
				655A707F4D5B58BBCF69D8EE /* Pods-whattocook.release.xcconfig */,
			);
			path = Pods;
			sourceTree = "<group>";
		};
		EEAD508D08B9EB8BDC7B9542 /* Frameworks */ = {
			isa = PBXGroup;
			children = (
				39D75A39255B6EC500B51223 /* Pods_whattocook.framework */,
				39D75A37255B6EB900B51223 /* Pods_whattocook.framework */,
				39D759DD255B651900B51223 /* Realm.framework */,
				396378B5255B63C200F12809 /* RealmSwift.framework */,
				396378B3255B63AD00F12809 /* Realm.framework */,
				CB6FC2DD8BD7376E661A8900 /* Pods_whattocook.framework */,
			);
			name = Frameworks;
			sourceTree = "<group>";
		};
/* End PBXGroup section */

/* Begin PBXNativeTarget section */
		3974BB2324CCFADC0045D4D9 /* whattocook */ = {
			isa = PBXNativeTarget;
			buildConfigurationList = 3974BB4E24CCFADF0045D4D9 /* Build configuration list for PBXNativeTarget "whattocook" */;
			buildPhases = (
				19718F7C42A8E00D7374E517 /* [CP] Check Pods Manifest.lock */,
				3974BB2024CCFADC0045D4D9 /* Sources */,
				3974BB2124CCFADC0045D4D9 /* Frameworks */,
				3974BB2224CCFADC0045D4D9 /* Resources */,
				53B866AF9437CE31BDB104A0 /* [CP] Embed Pods Frameworks */,
			);
			buildRules = (
			);
			dependencies = (
			);
			name = whattocook;
			productName = whattocook;
			productReference = 3974BB2424CCFADC0045D4D9 /* whattocook.app */;
			productType = "com.apple.product-type.application";
		};
		3974BB3924CCFADF0045D4D9 /* whattocookTests */ = {
			isa = PBXNativeTarget;
			buildConfigurationList = 3974BB5124CCFADF0045D4D9 /* Build configuration list for PBXNativeTarget "whattocookTests" */;
			buildPhases = (
				3974BB3624CCFADF0045D4D9 /* Sources */,
				3974BB3724CCFADF0045D4D9 /* Frameworks */,
				3974BB3824CCFADF0045D4D9 /* Resources */,
			);
			buildRules = (
			);
			dependencies = (
				3974BB3C24CCFADF0045D4D9 /* PBXTargetDependency */,
			);
			name = whattocookTests;
			productName = whattocookTests;
			productReference = 3974BB3A24CCFADF0045D4D9 /* whattocookTests.xctest */;
			productType = "com.apple.product-type.bundle.unit-test";
		};
		3974BB4424CCFADF0045D4D9 /* whattocookUITests */ = {
			isa = PBXNativeTarget;
			buildConfigurationList = 3974BB5424CCFADF0045D4D9 /* Build configuration list for PBXNativeTarget "whattocookUITests" */;
			buildPhases = (
				3974BB4124CCFADF0045D4D9 /* Sources */,
				3974BB4224CCFADF0045D4D9 /* Frameworks */,
				3974BB4324CCFADF0045D4D9 /* Resources */,
			);
			buildRules = (
			);
			dependencies = (
				3974BB4724CCFADF0045D4D9 /* PBXTargetDependency */,
			);
			name = whattocookUITests;
			productName = whattocookUITests;
			productReference = 3974BB4524CCFADF0045D4D9 /* whattocookUITests.xctest */;
			productType = "com.apple.product-type.bundle.ui-testing";
		};
/* End PBXNativeTarget section */

/* Begin PBXProject section */
		3974BB1C24CCFADC0045D4D9 /* Project object */ = {
			isa = PBXProject;
			attributes = {
				LastSwiftUpdateCheck = 1030;
				LastUpgradeCheck = 1030;
				ORGANIZATIONNAME = "Amanda Nisenbaum";
				TargetAttributes = {
					3974BB2324CCFADC0045D4D9 = {
						CreatedOnToolsVersion = 10.3;
					};
					3974BB3924CCFADF0045D4D9 = {
						CreatedOnToolsVersion = 10.3;
						TestTargetID = 3974BB2324CCFADC0045D4D9;
					};
					3974BB4424CCFADF0045D4D9 = {
						CreatedOnToolsVersion = 10.3;
						TestTargetID = 3974BB2324CCFADC0045D4D9;
					};
				};
			};
			buildConfigurationList = 3974BB1F24CCFADC0045D4D9 /* Build configuration list for PBXProject "whattocook" */;
			compatibilityVersion = "Xcode 9.3";
			developmentRegion = en;
			hasScannedForEncodings = 0;
			knownRegions = (
				en,
				Base,
			);
			mainGroup = 3974BB1B24CCFADC0045D4D9;
			productRefGroup = 3974BB2524CCFADC0045D4D9 /* Products */;
			projectDirPath = "";
			projectRoot = "";
			targets = (
				3974BB2324CCFADC0045D4D9 /* whattocook */,
				3974BB3924CCFADF0045D4D9 /* whattocookTests */,
				3974BB4424CCFADF0045D4D9 /* whattocookUITests */,
			);
		};
/* End PBXProject section */

/* Begin PBXResourcesBuildPhase section */
		3974BB2224CCFADC0045D4D9 /* Resources */ = {
			isa = PBXResourcesBuildPhase;
			buildActionMask = 2147483647;
			files = (
				3974BB3424CCFADE0045D4D9 /* LaunchScreen.storyboard in Resources */,
				3974BB3124CCFADE0045D4D9 /* Assets.xcassets in Resources */,
				3974BB2F24CCFADC0045D4D9 /* Main.storyboard in Resources */,
			);
			runOnlyForDeploymentPostprocessing = 0;
		};
		3974BB3824CCFADF0045D4D9 /* Resources */ = {
			isa = PBXResourcesBuildPhase;
			buildActionMask = 2147483647;
			files = (
			);
			runOnlyForDeploymentPostprocessing = 0;
		};
		3974BB4324CCFADF0045D4D9 /* Resources */ = {
			isa = PBXResourcesBuildPhase;
			buildActionMask = 2147483647;
			files = (
			);
			runOnlyForDeploymentPostprocessing = 0;
		};
/* End PBXResourcesBuildPhase section */

/* Begin PBXShellScriptBuildPhase section */
		19718F7C42A8E00D7374E517 /* [CP] Check Pods Manifest.lock */ = {
			isa = PBXShellScriptBuildPhase;
			buildActionMask = 2147483647;
			files = (
			);
			inputFileListPaths = (
			);
			inputPaths = (
				"${PODS_PODFILE_DIR_PATH}/Podfile.lock",
				"${PODS_ROOT}/Manifest.lock",
			);
			name = "[CP] Check Pods Manifest.lock";
			outputFileListPaths = (
			);
			outputPaths = (
				"$(DERIVED_FILE_DIR)/Pods-whattocook-checkManifestLockResult.txt",
			);
			runOnlyForDeploymentPostprocessing = 0;
			shellPath = /bin/sh;
			shellScript = "diff \"${PODS_PODFILE_DIR_PATH}/Podfile.lock\" \"${PODS_ROOT}/Manifest.lock\" > /dev/null\nif [ $? != 0 ] ; then\n    # print error to STDERR\n    echo \"error: The sandbox is not in sync with the Podfile.lock. Run 'pod install' or update your CocoaPods installation.\" >&2\n    exit 1\nfi\n# This output is used by Xcode 'outputs' to avoid re-running this script phase.\necho \"SUCCESS\" > \"${SCRIPT_OUTPUT_FILE_0}\"\n";
			showEnvVarsInLog = 0;
		};
		53B866AF9437CE31BDB104A0 /* [CP] Embed Pods Frameworks */ = {
			isa = PBXShellScriptBuildPhase;
			buildActionMask = 2147483647;
			files = (
			);
			inputFileListPaths = (
				"${PODS_ROOT}/Target Support Files/Pods-whattocook/Pods-whattocook-frameworks-${CONFIGURATION}-input-files.xcfilelist",
			);
			name = "[CP] Embed Pods Frameworks";
			outputFileListPaths = (
				"${PODS_ROOT}/Target Support Files/Pods-whattocook/Pods-whattocook-frameworks-${CONFIGURATION}-output-files.xcfilelist",
			);
			runOnlyForDeploymentPostprocessing = 0;
			shellPath = /bin/sh;
			shellScript = "\"${PODS_ROOT}/Target Support Files/Pods-whattocook/Pods-whattocook-frameworks.sh\"\n";
			showEnvVarsInLog = 0;
		};
/* End PBXShellScriptBuildPhase section */

/* Begin PBXSourcesBuildPhase section */
		3974BB2024CCFADC0045D4D9 /* Sources */ = {
			isa = PBXSourcesBuildPhase;
			buildActionMask = 2147483647;
			files = (
				3974BB2C24CCFADC0045D4D9 /* DetailViewController.swift in Sources */,
				3963789E255B629800F12809 /* IngredientRealm.swift in Sources */,
				3974BB2A24CCFADC0045D4D9 /* MasterViewController.swift in Sources */,
				39D75A80255B70AD00B51223 /* IngredientJsonDecoder.swift in Sources */,
				398ECF002552444B00232B50 /* IngredientsData.swift in Sources */,
				3974BB2824CCFADC0045D4D9 /* AppDelegate.swift in Sources */,
			);
			runOnlyForDeploymentPostprocessing = 0;
		};
		3974BB3624CCFADF0045D4D9 /* Sources */ = {
			isa = PBXSourcesBuildPhase;
			buildActionMask = 2147483647;
			files = (
				3974BB3F24CCFADF0045D4D9 /* whattocookTests.swift in Sources */,
			);
			runOnlyForDeploymentPostprocessing = 0;
		};
		3974BB4124CCFADF0045D4D9 /* Sources */ = {
			isa = PBXSourcesBuildPhase;
			buildActionMask = 2147483647;
			files = (
				3974BB4A24CCFADF0045D4D9 /* whattocookUITests.swift in Sources */,
			);
			runOnlyForDeploymentPostprocessing = 0;
		};
/* End PBXSourcesBuildPhase section */

/* Begin PBXTargetDependency section */
		3974BB3C24CCFADF0045D4D9 /* PBXTargetDependency */ = {
			isa = PBXTargetDependency;
			target = 3974BB2324CCFADC0045D4D9 /* whattocook */;
			targetProxy = 3974BB3B24CCFADF0045D4D9 /* PBXContainerItemProxy */;
		};
		3974BB4724CCFADF0045D4D9 /* PBXTargetDependency */ = {
			isa = PBXTargetDependency;
			target = 3974BB2324CCFADC0045D4D9 /* whattocook */;
			targetProxy = 3974BB4624CCFADF0045D4D9 /* PBXContainerItemProxy */;
		};
/* End PBXTargetDependency section */

/* Begin PBXVariantGroup section */
		3974BB2D24CCFADC0045D4D9 /* Main.storyboard */ = {
			isa = PBXVariantGroup;
			children = (
				3974BB2E24CCFADC0045D4D9 /* Base */,
			);
			name = Main.storyboard;
			sourceTree = "<group>";
		};
		3974BB3224CCFADE0045D4D9 /* LaunchScreen.storyboard */ = {
			isa = PBXVariantGroup;
			children = (
				3974BB3324CCFADE0045D4D9 /* Base */,
			);
			name = LaunchScreen.storyboard;
			sourceTree = "<group>";
		};
/* End PBXVariantGroup section */

/* Begin XCBuildConfiguration section */
		3974BB4C24CCFADF0045D4D9 /* Debug */ = {
			isa = XCBuildConfiguration;
			buildSettings = {
				ALWAYS_SEARCH_USER_PATHS = NO;
				CLANG_ANALYZER_NONNULL = YES;
				CLANG_ANALYZER_NUMBER_OBJECT_CONVERSION = YES_AGGRESSIVE;
				CLANG_CXX_LANGUAGE_STANDARD = "gnu++14";
				CLANG_CXX_LIBRARY = "libc++";
				CLANG_ENABLE_MODULES = YES;
				CLANG_ENABLE_OBJC_ARC = YES;
				CLANG_ENABLE_OBJC_WEAK = YES;
				CLANG_WARN_BLOCK_CAPTURE_AUTORELEASING = YES;
				CLANG_WARN_BOOL_CONVERSION = YES;
				CLANG_WARN_COMMA = YES;
				CLANG_WARN_CONSTANT_CONVERSION = YES;
				CLANG_WARN_DEPRECATED_OBJC_IMPLEMENTATIONS = YES;
				CLANG_WARN_DIRECT_OBJC_ISA_USAGE = YES_ERROR;
				CLANG_WARN_DOCUMENTATION_COMMENTS = YES;
				CLANG_WARN_EMPTY_BODY = YES;
				CLANG_WARN_ENUM_CONVERSION = YES;
				CLANG_WARN_INFINITE_RECURSION = YES;
				CLANG_WARN_INT_CONVERSION = YES;
				CLANG_WARN_NON_LITERAL_NULL_CONVERSION = YES;
				CLANG_WARN_OBJC_IMPLICIT_RETAIN_SELF = YES;
				CLANG_WARN_OBJC_LITERAL_CONVERSION = YES;
				CLANG_WARN_OBJC_ROOT_CLASS = YES_ERROR;
				CLANG_WARN_RANGE_LOOP_ANALYSIS = YES;
				CLANG_WARN_STRICT_PROTOTYPES = YES;
				CLANG_WARN_SUSPICIOUS_MOVE = YES;
				CLANG_WARN_UNGUARDED_AVAILABILITY = YES_AGGRESSIVE;
				CLANG_WARN_UNREACHABLE_CODE = YES;
				CLANG_WARN__DUPLICATE_METHOD_MATCH = YES;
				CODE_SIGN_IDENTITY = "iPhone Developer";
				COPY_PHASE_STRIP = NO;
				DEBUG_INFORMATION_FORMAT = dwarf;
				ENABLE_STRICT_OBJC_MSGSEND = YES;
				ENABLE_TESTABILITY = YES;
				GCC_C_LANGUAGE_STANDARD = gnu11;
				GCC_DYNAMIC_NO_PIC = NO;
				GCC_NO_COMMON_BLOCKS = YES;
				GCC_OPTIMIZATION_LEVEL = 0;
				GCC_PREPROCESSOR_DEFINITIONS = (
					"DEBUG=1",
					"$(inherited)",
				);
				GCC_WARN_64_TO_32_BIT_CONVERSION = YES;
				GCC_WARN_ABOUT_RETURN_TYPE = YES_ERROR;
				GCC_WARN_UNDECLARED_SELECTOR = YES;
				GCC_WARN_UNINITIALIZED_AUTOS = YES_AGGRESSIVE;
				GCC_WARN_UNUSED_FUNCTION = YES;
				GCC_WARN_UNUSED_VARIABLE = YES;
				IPHONEOS_DEPLOYMENT_TARGET = 12.4;
				MTL_ENABLE_DEBUG_INFO = INCLUDE_SOURCE;
				MTL_FAST_MATH = YES;
				ONLY_ACTIVE_ARCH = YES;
				SDKROOT = iphoneos;
				SWIFT_ACTIVE_COMPILATION_CONDITIONS = DEBUG;
				SWIFT_OPTIMIZATION_LEVEL = "-Onone";
			};
			name = Debug;
		};
		3974BB4D24CCFADF0045D4D9 /* Release */ = {
			isa = XCBuildConfiguration;
			buildSettings = {
				ALWAYS_SEARCH_USER_PATHS = NO;
				CLANG_ANALYZER_NONNULL = YES;
				CLANG_ANALYZER_NUMBER_OBJECT_CONVERSION = YES_AGGRESSIVE;
				CLANG_CXX_LANGUAGE_STANDARD = "gnu++14";
				CLANG_CXX_LIBRARY = "libc++";
				CLANG_ENABLE_MODULES = YES;
				CLANG_ENABLE_OBJC_ARC = YES;
				CLANG_ENABLE_OBJC_WEAK = YES;
				CLANG_WARN_BLOCK_CAPTURE_AUTORELEASING = YES;
				CLANG_WARN_BOOL_CONVERSION = YES;
				CLANG_WARN_COMMA = YES;
				CLANG_WARN_CONSTANT_CONVERSION = YES;
				CLANG_WARN_DEPRECATED_OBJC_IMPLEMENTATIONS = YES;
				CLANG_WARN_DIRECT_OBJC_ISA_USAGE = YES_ERROR;
				CLANG_WARN_DOCUMENTATION_COMMENTS = YES;
				CLANG_WARN_EMPTY_BODY = YES;
				CLANG_WARN_ENUM_CONVERSION = YES;
				CLANG_WARN_INFINITE_RECURSION = YES;
				CLANG_WARN_INT_CONVERSION = YES;
				CLANG_WARN_NON_LITERAL_NULL_CONVERSION = YES;
				CLANG_WARN_OBJC_IMPLICIT_RETAIN_SELF = YES;
				CLANG_WARN_OBJC_LITERAL_CONVERSION = YES;
				CLANG_WARN_OBJC_ROOT_CLASS = YES_ERROR;
				CLANG_WARN_RANGE_LOOP_ANALYSIS = YES;
				CLANG_WARN_STRICT_PROTOTYPES = YES;
				CLANG_WARN_SUSPICIOUS_MOVE = YES;
				CLANG_WARN_UNGUARDED_AVAILABILITY = YES_AGGRESSIVE;
				CLANG_WARN_UNREACHABLE_CODE = YES;
				CLANG_WARN__DUPLICATE_METHOD_MATCH = YES;
				CODE_SIGN_IDENTITY = "iPhone Developer";
				COPY_PHASE_STRIP = NO;
				DEBUG_INFORMATION_FORMAT = "dwarf-with-dsym";
				ENABLE_NS_ASSERTIONS = NO;
				ENABLE_STRICT_OBJC_MSGSEND = YES;
				GCC_C_LANGUAGE_STANDARD = gnu11;
				GCC_NO_COMMON_BLOCKS = YES;
				GCC_WARN_64_TO_32_BIT_CONVERSION = YES;
				GCC_WARN_ABOUT_RETURN_TYPE = YES_ERROR;
				GCC_WARN_UNDECLARED_SELECTOR = YES;
				GCC_WARN_UNINITIALIZED_AUTOS = YES_AGGRESSIVE;
				GCC_WARN_UNUSED_FUNCTION = YES;
				GCC_WARN_UNUSED_VARIABLE = YES;
				IPHONEOS_DEPLOYMENT_TARGET = 12.4;
				MTL_ENABLE_DEBUG_INFO = NO;
				MTL_FAST_MATH = YES;
				SDKROOT = iphoneos;
				SWIFT_COMPILATION_MODE = wholemodule;
				SWIFT_OPTIMIZATION_LEVEL = "-O";
				VALIDATE_PRODUCT = YES;
			};
			name = Release;
		};
		3974BB4F24CCFADF0045D4D9 /* Debug */ = {
			isa = XCBuildConfiguration;
			baseConfigurationReference = 1370FF51B6AB19377217D1BF /* Pods-whattocook.debug.xcconfig */;
			buildSettings = {
				ASSETCATALOG_COMPILER_APPICON_NAME = AppIcon;
				CODE_SIGN_STYLE = Automatic;
				INFOPLIST_FILE = whattocook/Info.plist;
				LD_RUNPATH_SEARCH_PATHS = (
					"$(inherited)",
					"@executable_path/Frameworks",
				);
				PRODUCT_BUNDLE_IDENTIFIER = com.la.whattocook;
				PRODUCT_NAME = "$(TARGET_NAME)";
				SWIFT_VERSION = 5.0;
				TARGETED_DEVICE_FAMILY = "1,2";
			};
			name = Debug;
		};
		3974BB5024CCFADF0045D4D9 /* Release */ = {
			isa = XCBuildConfiguration;
			baseConfigurationReference = 655A707F4D5B58BBCF69D8EE /* Pods-whattocook.release.xcconfig */;
			buildSettings = {
				ASSETCATALOG_COMPILER_APPICON_NAME = AppIcon;
				CODE_SIGN_STYLE = Automatic;
				INFOPLIST_FILE = whattocook/Info.plist;
				LD_RUNPATH_SEARCH_PATHS = (
					"$(inherited)",
					"@executable_path/Frameworks",
				);
				PRODUCT_BUNDLE_IDENTIFIER = com.la.whattocook;
				PRODUCT_NAME = "$(TARGET_NAME)";
				SWIFT_VERSION = 5.0;
				TARGETED_DEVICE_FAMILY = "1,2";
			};
			name = Release;
		};
		3974BB5224CCFADF0045D4D9 /* Debug */ = {
			isa = XCBuildConfiguration;
			buildSettings = {
				ALWAYS_EMBED_SWIFT_STANDARD_LIBRARIES = YES;
				BUNDLE_LOADER = "$(TEST_HOST)";
				CODE_SIGN_STYLE = Automatic;
				INFOPLIST_FILE = whattocookTests/Info.plist;
				LD_RUNPATH_SEARCH_PATHS = (
					"$(inherited)",
					"@executable_path/Frameworks",
					"@loader_path/Frameworks",
				);
				PRODUCT_BUNDLE_IDENTIFIER = com.la.whattocookTests;
				PRODUCT_NAME = "$(TARGET_NAME)";
				SWIFT_VERSION = 5.0;
				TARGETED_DEVICE_FAMILY = "1,2";
				TEST_HOST = "$(BUILT_PRODUCTS_DIR)/whattocook.app/whattocook";
			};
			name = Debug;
		};
		3974BB5324CCFADF0045D4D9 /* Release */ = {
			isa = XCBuildConfiguration;
			buildSettings = {
				ALWAYS_EMBED_SWIFT_STANDARD_LIBRARIES = YES;
				BUNDLE_LOADER = "$(TEST_HOST)";
				CODE_SIGN_STYLE = Automatic;
				INFOPLIST_FILE = whattocookTests/Info.plist;
				LD_RUNPATH_SEARCH_PATHS = (
					"$(inherited)",
					"@executable_path/Frameworks",
					"@loader_path/Frameworks",
				);
				PRODUCT_BUNDLE_IDENTIFIER = com.la.whattocookTests;
				PRODUCT_NAME = "$(TARGET_NAME)";
				SWIFT_VERSION = 5.0;
				TARGETED_DEVICE_FAMILY = "1,2";
				TEST_HOST = "$(BUILT_PRODUCTS_DIR)/whattocook.app/whattocook";
			};
			name = Release;
		};
		3974BB5524CCFADF0045D4D9 /* Debug */ = {
			isa = XCBuildConfiguration;
			buildSettings = {
				ALWAYS_EMBED_SWIFT_STANDARD_LIBRARIES = YES;
				CODE_SIGN_STYLE = Automatic;
				INFOPLIST_FILE = whattocookUITests/Info.plist;
				LD_RUNPATH_SEARCH_PATHS = (
					"$(inherited)",
					"@executable_path/Frameworks",
					"@loader_path/Frameworks",
				);
				PRODUCT_BUNDLE_IDENTIFIER = com.la.whattocookUITests;
				PRODUCT_NAME = "$(TARGET_NAME)";
				SWIFT_VERSION = 5.0;
				TARGETED_DEVICE_FAMILY = "1,2";
				TEST_TARGET_NAME = whattocook;
			};
			name = Debug;
		};
		3974BB5624CCFADF0045D4D9 /* Release */ = {
			isa = XCBuildConfiguration;
			buildSettings = {
				ALWAYS_EMBED_SWIFT_STANDARD_LIBRARIES = YES;
				CODE_SIGN_STYLE = Automatic;
				INFOPLIST_FILE = whattocookUITests/Info.plist;
				LD_RUNPATH_SEARCH_PATHS = (
					"$(inherited)",
					"@executable_path/Frameworks",
					"@loader_path/Frameworks",
				);
				PRODUCT_BUNDLE_IDENTIFIER = com.la.whattocookUITests;
				PRODUCT_NAME = "$(TARGET_NAME)";
				SWIFT_VERSION = 5.0;
				TARGETED_DEVICE_FAMILY = "1,2";
				TEST_TARGET_NAME = whattocook;
			};
			name = Release;
		};
/* End XCBuildConfiguration section */

/* Begin XCConfigurationList section */
		3974BB1F24CCFADC0045D4D9 /* Build configuration list for PBXProject "whattocook" */ = {
			isa = XCConfigurationList;
			buildConfigurations = (
				3974BB4C24CCFADF0045D4D9 /* Debug */,
				3974BB4D24CCFADF0045D4D9 /* Release */,
			);
			defaultConfigurationIsVisible = 0;
			defaultConfigurationName = Release;
		};
		3974BB4E24CCFADF0045D4D9 /* Build configuration list for PBXNativeTarget "whattocook" */ = {
			isa = XCConfigurationList;
			buildConfigurations = (
				3974BB4F24CCFADF0045D4D9 /* Debug */,
				3974BB5024CCFADF0045D4D9 /* Release */,
			);
			defaultConfigurationIsVisible = 0;
			defaultConfigurationName = Release;
		};
		3974BB5124CCFADF0045D4D9 /* Build configuration list for PBXNativeTarget "whattocookTests" */ = {
			isa = XCConfigurationList;
			buildConfigurations = (
				3974BB5224CCFADF0045D4D9 /* Debug */,
				3974BB5324CCFADF0045D4D9 /* Release */,
			);
			defaultConfigurationIsVisible = 0;
			defaultConfigurationName = Release;
		};
		3974BB5424CCFADF0045D4D9 /* Build configuration list for PBXNativeTarget "whattocookUITests" */ = {
			isa = XCConfigurationList;
			buildConfigurations = (
				3974BB5524CCFADF0045D4D9 /* Debug */,
				3974BB5624CCFADF0045D4D9 /* Release */,
			);
			defaultConfigurationIsVisible = 0;
			defaultConfigurationName = Release;
		};
/* End XCConfigurationList section */
	};
	rootObject = 3974BB1C24CCFADC0045D4D9 /* Project object */;
}
